dependencies:
- name: master
  repository: file://./charts/master
  version: 2.28.0
- name: data
  repository: file://./charts/data
  version: 2.28.0
- name: dashboard
  repository: file://./charts/dashboard
  version: 2.27.1
digest: sha256:a0f7f181e41ce8393943600f57e77e9610a2a18aaa0385069383dbe96b787256
generated: "2025-02-27T09:48:52.493356648+01:00"
