dependencies:
- name: master
  repository: file://./charts/master/
  version: 2.31.0
- name: data
  repository: file://./charts/data/
  version: 2.31.0
- name: client
  repository: file://./charts/client/
  version: 2.31.0
- name: dashboard
  repository: file://./charts/dashboard/
  version: 2.27.1
digest: sha256:294a66a149f058819b96f1bd1a8abd0e82799293ea60e2d31ad312952461b33d
generated: "2025-02-22T22:38:37.798630055+01:00"
